#MicroXplorer Configuration settings - do not modify
Mcu.Family=STM32F1
ProjectManager.MainLocation=Src
FSMC.AddressSetupTime1=1
RCC.MCOFreq_Value=72000000
PB10.PinState=GPIO_PIN_SET
VP_SYS_VS_tim6.Mode=TIM6
SH.FSMC_D1_DA1.0=FSMC_D1,16b-d1
ProjectManager.KeepUserCode=true
Mcu.UserName=STM32F103ZETx
RealThread.RT-Thread.3.1.3.RT_USING_OVERFLOW_CHECK=1
RCC.PLLCLKFreq_Value=72000000
SH.FSMC_NWE.0=FSMC_NWE,Lcd1
PG0.Signal=FSMC_A10
ProjectManager.functionlistsort=1-MX_GPIO_Init-GPIO-false-HAL-true,2-SystemClock_Config-RCC-false-HAL-false,3-MX_FSMC_Init-FSMC-false-HAL-true,4-MX_USART1_UART_Init-USART1-false-HAL-true,5-MX_TIM2_Init-TIM2-false-HAL-true
SH.FSMC_D0_DA0.0=FSMC_D0,16b-d1
RCC.ADCFreqValue=36000000
PF9.GPIO_Speed=GPIO_SPEED_FREQ_HIGH
PB0.GPIO_Label=LCD_BG
FSMC.ExtendedBusTurnAroundDuration1=0
PF10.GPIO_ModeDefaultEXTI=GPIO_MODE_IT_FALLING
VP_RealThread.RT-Thread_VS_RTOSJjRTAaThread_3.1.3.Mode=RTOSJjRTAaThread
USART1.IPParameters=VirtualMode
PF10.GPIO_PuPd=GPIO_PULLUP
PinOutPanel.RotationAngle=0
RCC.SYSCLKSource=RCC_SYSCLKSOURCE_PLLCLK
ProjectManager.StackSize=0x400
PB5.GPIOParameters=PinState,GPIO_Label
Mcu.IP4=TIM2
RCC.FCLKCortexFreq_Value=72000000
Mcu.IP5=USART1
NVIC.SVCall_IRQn=true\:0\:0\:false\:false\:false\:false\:false\:false
Mcu.IP2=RCC
RCC.SDIOHCLKDiv2FreqValue=36000000
Mcu.IP3=SYS
Mcu.IP0=FSMC
Mcu.IP1=NVIC
PF9.Locked=true
Mcu.UserConstants=
PF11.GPIO_PuPd=GPIO_PULLUP
Mcu.ThirdPartyNb=1
RCC.SDIOFreq_Value=72000000
PB1.GPIO_PuPd=GPIO_PULLUP
RCC.HCLKFreq_Value=72000000
Mcu.IPNb=6
TIM2.IPParameters=Channel-PWM Generation1 CH1,Prescaler,Period,Pulse-PWM Generation1 CH1
ProjectManager.PreviousToolchain=
PD4.Signal=FSMC_NOE
RCC.APB2TimFreq_Value=72000000
PF11.GPIO_Label=TCS
PB5.PinState=GPIO_PIN_SET
Mcu.Pin6=PB1
PD0.Signal=FSMC_D2_DA2
Mcu.Pin7=PB2
PD8.Signal=FSMC_D13_DA13
VP_TIM2_VS_ClockSourceINT.Signal=TIM2_VS_ClockSourceINT
Mcu.Pin8=PF11
OSC_OUT.Mode=HSE-External-Oscillator
Mcu.Pin9=PG0
SH.FSMC_A10.0=FSMC_A10,A10_1
OSC_OUT.Signal=RCC_OSC_OUT
PF10.GPIO_Label=TPEN
RCC.AHBFreq_Value=72000000
Mcu.Pin0=PF9
Mcu.Pin1=PF10
GPIO.groupedBy=
Mcu.Pin2=OSC_IN
Mcu.Pin3=OSC_OUT
SH.FSMC_D4_DA4.ConfNb=1
SH.FSMC_D12_DA12.ConfNb=1
Mcu.Pin4=PA0-WKUP
NVIC.EXTI15_10_IRQn=true\:0\:0\:false\:false\:true\:false\:true\:true
Mcu.Pin5=PB0
ProjectManager.ProjectBuild=false
NVIC.UsageFault_IRQn=true\:0\:0\:false\:false\:true\:false\:false\:false
NVIC.DebugMonitor_IRQn=true\:0\:0\:false\:false\:true\:false\:false\:false
PB2.Signal=GPIO_Input
NVIC.SysTick_IRQn=true\:0\:0\:false\:false\:false\:false\:false\:false
SH.FSMC_D6_DA6.ConfNb=1
RCC.PLLMUL=RCC_PLL_MUL9
ProjectManager.FirmwarePackage=STM32Cube FW_F1 V1.8.0
MxDb.Version=DB.6.0.0
PB0.GPIOParameters=GPIO_Speed,GPIO_Label
Mcu.ThirdParty0=RealThread.RT-Thread.3.1.3
SH.FSMC_NOE.ConfNb=1
PE13.Signal=FSMC_D10_DA10
ProjectManager.BackupPrevious=false
SH.FSMC_D14_DA14.0=FSMC_D14,16b-d1
SH.FSMC_D10_DA10.0=FSMC_D10,16b-d1
PE9.Signal=FSMC_D6_DA6
PB1.GPIO_Speed=GPIO_SPEED_FREQ_HIGH
PA14.Mode=Serial_Wire
PB1.GPIO_Label=TCLK
PF11.Signal=GPIO_Output
SH.FSMC_D6_DA6.0=FSMC_D6,16b-d1
File.Version=6
PF10.Locked=true
SH.FSMC_D9_DA9.ConfNb=1
FSMC.BusTurnAroundDuration1=0
TIM2.Channel-PWM\ Generation1\ CH1=TIM_CHANNEL_1
NVIC.PendSV_IRQn=true\:0\:0\:false\:false\:false\:false\:false\:false
PF11.GPIOParameters=GPIO_Speed,GPIO_PuPd,GPIO_Label
PE10.Signal=FSMC_D7_DA7
SH.FSMC_D5_DA5.0=FSMC_D5,16b-d1
ProjectManager.HalAssertFull=false
PB2.GPIO_PuPd=GPIO_PULLUP
PB0.Locked=true
ProjectManager.ProjectName=lcd_test
SH.FSMC_D4_DA4.0=FSMC_D4,16b-d1
RCC.PLLMCOFreq_Value=36000000
Mcu.Package=LQFP144
TIM2.Prescaler=533
PB1.Signal=GPIO_Output
NVIC.TimeBase=TIM6_IRQn
SH.FSMC_D15_DA15.ConfNb=1
RCC.I2S2Freq_Value=72000000
FSMC.IPParameters=ExtendedMode1,AddressSetupTime1,DataSetupTime1,BusTurnAroundDuration1,ExtendedAddressSetupTime1,ExtendedDataSetupTime1,ExtendedBusTurnAroundDuration1
ProjectManager.ToolChainLocation=
SH.FSMC_D13_DA13.0=FSMC_D13,16b-d1
SH.FSMC_D14_DA14.ConfNb=1
NVIC.TimeBaseIP=TIM6
PA10.Signal=USART1_RX
PB5.GPIO_Label=LED0
SH.FSMC_D3_DA3.0=FSMC_D3,16b-d1
RCC.APB1TimFreq_Value=72000000
NVIC.BusFault_IRQn=true\:0\:0\:false\:false\:true\:false\:false\:false
SH.FSMC_D2_DA2.0=FSMC_D2,16b-d1
SH.FSMC_NWE.ConfNb=1
PB10.GPIOParameters=PinState,GPIO_Label
PE7.Signal=FSMC_D4_DA4
PF9.GPIO_PuPd=GPIO_PULLUP
SH.FSMC_D7_DA7.ConfNb=1
PD15.Signal=FSMC_D1_DA1
RealThread.RT-Thread.3.1.3.RTOSJjRTAaThread_Checked=true
ProjectManager.CustomerFirmwarePackage=
PG12.Signal=FSMC_NE4
SH.GPXTI10.0=GPIO_EXTI10
RCC.PLLSourceVirtual=RCC_PLLSOURCE_HSE
FSMC.ExtendedAddressSetupTime1=0
ProjectManager.ProjectFileName=lcd_test.ioc
SH.FSMC_D12_DA12.0=FSMC_D12,16b-d1
PA10.Mode=Asynchronous
Mcu.PinsNb=38
ProjectManager.NoMain=true
FSMC.ExtendedMode1=FSMC_EXTENDED_MODE_ENABLE
NVIC.SavedSvcallIrqHandlerGenerated=true
SH.FSMC_D8_DA8.ConfNb=1
PD1.Signal=FSMC_D3_DA3
ProjectManager.DefaultFWLocation=true
SH.FSMC_D9_DA9.0=FSMC_D9,16b-d1
PD9.Signal=FSMC_D14_DA14
PD5.Signal=FSMC_NWE
RealThread.RT-Thread.3.1.3.RTAaThreadCcRTOSJjshell=true
SH.FSMC_D11_DA11.ConfNb=1
ProjectManager.DeletePrevious=true
RCC.APB1CLKDivider=RCC_HCLK_DIV2
PB10.Locked=true
SH.S_TIM2_CH1_ETR.ConfNb=1
RCC.FamilyName=M
RCC.I2S3Freq_Value=72000000
PA0-WKUP.Signal=S_TIM2_CH1_ETR
TIM2.Pulse-PWM\ Generation1\ CH1=45
SH.FSMC_D8_DA8.0=FSMC_D8,16b-d1
NVIC.TIM6_IRQn=true\:0\:0\:false\:false\:true\:false\:false\:true
PB0.GPIO_Speed=GPIO_SPEED_FREQ_HIGH
PF11.GPIO_Speed=GPIO_SPEED_FREQ_HIGH
PD10.Signal=FSMC_D15_DA15
PA13.Signal=SYS_JTMS-SWDIO
SH.FSMC_D13_DA13.ConfNb=1
PA9.Mode=Asynchronous
ProjectManager.TargetToolchain=Makefile
PB10.GPIO_Label=RELAY
FSMC.DataSetupTime1=16
SH.FSMC_D5_DA5.ConfNb=1
SH.FSMC_A10.ConfNb=1
VP_RealThread.RT-Thread_VS_RTOSJjRTAaThread_3.1.3.Signal=RealThread.RT-Thread_VS_RTOSJjRTAaThread_3.1.3
RealThread.RT-Thread.3.1.3.IPParameters=RTAaThreadCcRTOSJjkernel,RTAaThreadCcRTOSJjshell,RT_USING_OVERFLOW_CHECK,RT_USING_HEAP
PB2.GPIOParameters=GPIO_PuPd,GPIO_Label
PA9.Signal=USART1_TX
PB5.Locked=true
ProjectManager.RegisterCallBack=
OSC_IN.Signal=RCC_OSC_IN
RCC.USBFreq_Value=72000000
PF9.GPIO_Label=TDIN
PE11.Signal=FSMC_D8_DA8
PB1.Locked=true
PB10.Signal=GPIO_Output
SH.FSMC_D7_DA7.0=FSMC_D7,16b-d1
FSMC.ExtendedDataSetupTime1=3
board=custom
PG12.Mode=NorPsramChipSelect4_1
SH.FSMC_D0_DA0.ConfNb=1
ProjectManager.LastFirmware=true
SH.FSMC_D3_DA3.ConfNb=1
RCC.VCOOutput2Freq_Value=8000000
VP_SYS_VS_tim6.Signal=SYS_VS_tim6
NVIC.SavedSystickIrqHandlerGenerated=true
RCC.APB2Freq_Value=72000000
PE14.Signal=FSMC_D11_DA11
PE15.Signal=FSMC_D12_DA12
MxCube.Version=6.0.0
Mcu.Pin37=VP_RealThread.RT-Thread_VS_RTOSJjRTAaThread_3.1.3
Mcu.Pin35=VP_SYS_VS_tim6
VP_TIM2_VS_ClockSourceINT.Mode=Internal
PE8.Signal=FSMC_D5_DA5
Mcu.Pin36=VP_TIM2_VS_ClockSourceINT
PF10.Signal=GPXTI10
Mcu.Pin30=PD1
PF11.Locked=true
RealThread.RT-Thread.3.1.3_SwParameter=RTAaThreadCcRTOSJjshell\:true;RTAaThreadCcRTOSJjkernel\:true;
Mcu.Pin33=PG12
Mcu.Pin34=PB5
Mcu.Pin31=PD4
Mcu.Pin32=PD5
NVIC.NonMaskableInt_IRQn=true\:0\:0\:false\:false\:true\:false\:false\:false
TIM2.Period=2699
PA13.Mode=Serial_Wire
ProjectManager.FreePins=false
RCC.IPParameters=ADCFreqValue,AHBFreq_Value,APB1CLKDivider,APB1Freq_Value,APB1TimFreq_Value,APB2Freq_Value,APB2TimFreq_Value,FCLKCortexFreq_Value,FSMCFreq_Value,FamilyName,HCLKFreq_Value,I2S2Freq_Value,I2S3Freq_Value,MCOFreq_Value,PLLCLKFreq_Value,PLLMCOFreq_Value,PLLMUL,PLLSourceVirtual,SDIOFreq_Value,SDIOHCLKDiv2FreqValue,SYSCLKFreq_VALUE,SYSCLKSource,TimSysFreq_Value,USBFreq_Value,VCOOutput2Freq_Value
ProjectManager.AskForMigrate=true
Mcu.Name=STM32F103Z(C-D-E)Tx
PF9.GPIOParameters=GPIO_Speed,GPIO_PuPd,GPIO_Label
PE12.Signal=FSMC_D9_DA9
Mcu.Pin26=PA10
RealThread.RT-Thread.3.1.3.RTAaThreadCcRTOSJjkernel=true
Mcu.Pin27=PA13
NVIC.SavedPendsvIrqHandlerGenerated=true
Mcu.Pin24=PD15
ProjectManager.UnderRoot=false
Mcu.Pin25=PA9
PB2.Locked=true
PD14.Signal=FSMC_D0_DA0
Mcu.Pin28=PA14
Mcu.Pin29=PD0
RCC.FSMCFreq_Value=72000000
ProjectManager.CoupleFile=true
RCC.SYSCLKFreq_VALUE=72000000
Mcu.Pin22=PD10
PB5.Signal=GPIO_Output
Mcu.Pin23=PD14
RCC.TimSysFreq_Value=72000000
Mcu.Pin20=PD8
Mcu.Pin21=PD9
NVIC.ForceEnableDMAVector=true
KeepUserPlacement=false
OSC_IN.Mode=HSE-External-Oscillator
NVIC.MemoryManagement_IRQn=true\:0\:0\:false\:false\:true\:false\:false\:false
USART1.VirtualMode=VM_ASYNC
ProjectManager.CompilerOptimize=6
SH.S_TIM2_CH1_ETR.0=TIM2_CH1,PWM Generation1 CH1
SH.FSMC_D15_DA15.0=FSMC_D15,16b-d1
PA14.Signal=SYS_JTCK-SWCLK
PB2.GPIO_Label=TDOUT
ProjectManager.HeapSize=0x200
Mcu.Pin15=PE12
NVIC.HardFault_IRQn=true\:0\:0\:false\:false\:false\:false\:false\:false
Mcu.Pin16=PE13
Mcu.Pin13=PE10
SH.FSMC_D11_DA11.0=FSMC_D11,16b-d1
Mcu.Pin14=PE11
PF10.GPIOParameters=GPIO_PuPd,GPIO_Label,GPIO_ModeDefaultEXTI
Mcu.Pin19=PB10
SH.FSMC_NOE.0=FSMC_NOE,Lcd1
ProjectManager.ComputerToolchain=false
PF9.Signal=GPIO_Output
Mcu.Pin17=PE14
SH.FSMC_D2_DA2.ConfNb=1
Mcu.Pin18=PE15
SH.FSMC_D1_DA1.ConfNb=1
NVIC.PriorityGroup=NVIC_PRIORITYGROUP_4
Mcu.Pin11=PE8
Mcu.Pin12=PE9
Mcu.Pin10=PE7
SH.GPXTI10.ConfNb=1
RCC.APB1Freq_Value=36000000
PB0.Signal=GPIO_Output
ProjectManager.DeviceId=STM32F103ZETx
RealThread.RT-Thread.3.1.3.RT_USING_HEAP=1
ProjectManager.LibraryCopy=0
PB1.GPIOParameters=GPIO_Speed,GPIO_PuPd,GPIO_Label
SH.FSMC_D10_DA10.ConfNb=1
